
Microsoft Visual Studio Solution File, Format Version 12.00
# Visual Studio Version 17
VisualStudioVersion = 17.11.35303.130
MinimumVisualStudioVersion = 10.0.40219.1
Project("{FAE04EC0-301F-11D3-BF4B-00C04F79EFBC}") = "prjPedidos", "prjPedidos\prjPedidos.csproj", "{1BE63A79-8835-4617-B151-2D5D12F089FD}"
EndProject
Global
	GlobalSection(SolutionConfigurationPlatforms) = preSolution
		Debug|Any CPU = Debug|Any CPU
		Release|Any CPU = Release|Any CPU
	EndGlobalSection
	GlobalSection(ProjectConfigurationPlatforms) = postSolution
		{1BE63A79-8835-4617-B151-2D5D12F089FD}.Debug|Any CPU.ActiveCfg = Debug|Any CPU
		{1BE63A79-8835-4617-B151-2D5D12F089FD}.Debug|Any CPU.Build.0 = Debug|Any CPU
		{1BE63A79-8835-4617-B151-2D5D12F089FD}.Release|Any CPU.ActiveCfg = Release|Any CPU
		{1BE63A79-8835-4617-B151-2D5D12F089FD}.Release|Any CPU.Build.0 = Release|Any CPU
	EndGlobalSection
	GlobalSection(SolutionProperties) = preSolution
		HideSolutionNode = FALSE
	EndGlobalSection
	GlobalSection(ExtensibilityGlobals) = postSolution
		SolutionGuid = {FE734961-E514-4488-9529-C248F3E2E41C}
	EndGlobalSection
EndGlobal
